%{
  "artificery": {:hex, :artificery, "0.4.3", "0bc4260f988dcb9dda4b23f9fc3c6c8b99a6220a331534fdf5bf2fd0d4333b02", [:mix], [], "hexpm", "12e95333a30e20884e937abdbefa3e7f5e05609c2ba8cf37b33f000b9ffc0504"},
  "assertions": {:hex, :assertions, "0.19.0", "f177fcc22b55df6a41a58b151e430d189d0a1083dae3240522503dedaf8e1174", [:mix], [], "hexpm", "759bdbf977fe3e2d2b79f8a65d8674f29ac757781136a6cb4adf88f1574af1d8"},
  "atomic_map": {:hex, :atomic_map, "0.9.3", "3c7f1302e0590164732d08ca999708efbb2cd768abf2911cf140280ce2dc499d", [:mix], [], "hexpm", "c237babf301bd2435bd85b96cffc973022b4cbb7721537059ee0dd3bb74938d2"},
  "bertex": {:hex, :bertex, "1.3.0", "0ad0df9159b5110d9d2b6654f72fbf42a54884ef43b6b651e6224c0af30ba3cb", [:mix], [], "hexpm", "0a5d5e478bb5764b7b7bae37cae1ca491200e58b089df121a2fe1c223d8ee57a"},
  "broadway": {:hex, :broadway, "1.0.6", "b26b690151f9a5bdd81a2029a0b259fafe0486ffc76dd10116e879795ac4a0b5", [:mix], [{:gen_stage, "~> 1.0", [hex: :gen_stage, repo: "hexpm", optional: false]}, {:nimble_options, "~> 0.3.7 or ~> 0.4.0 or ~> 0.5.0", [hex: :nimble_options, repo: "hexpm", optional: false]}, {:telemetry, "~> 0.4.3 or ~> 1.0", [hex: :telemetry, repo: "hexpm", optional: false]}], "hexpm", "ebef2d26eccbaf0b1fa7802119b027989d5e50abc55e3640504887fb530790f9"},
  "bunt": {:hex, :bunt, "0.2.0", "951c6e801e8b1d2cbe58ebbd3e616a869061ddadcc4863d0a2182541acae9a38", [:mix], [], "hexpm", "7af5c7e09fe1d40f76c8e4f9dd2be7cebd83909f31fee7cd0e9eadc567da8353"},
  "cachex": {:hex, :cachex, "3.3.0", "6f2ebb8f27491fe39121bd207c78badc499214d76c695658b19d6079beeca5c2", [:mix], [{:eternal, "~> 1.2", [hex: :eternal, repo: "hexpm", optional: false]}, {:jumper, "~> 1.0", [hex: :jumper, repo: "hexpm", optional: false]}, {:sleeplocks, "~> 1.1", [hex: :sleeplocks, repo: "hexpm", optional: false]}, {:unsafe, "~> 1.0", [hex: :unsafe, repo: "hexpm", optional: false]}], "hexpm", "d90e5ee1dde14cef33f6b187af4335b88748b72b30c038969176cd4e6ccc31a1"},
  "cainophile": {:hex, :cainophile, "0.1.0", "84470e936e3d7766de6f6e577c0f426d16a06d4e078f932679f245bb49b3d04e", [:mix], [{:epgsql, "~> 4.2", [hex: :epgsql, repo: "hexpm", optional: false]}, {:pgoutput_decoder, "~> 0.1.0", [hex: :pgoutput_decoder, repo: "hexpm", optional: false]}], "hexpm", "ce56dd94b1e828c9927411ea8c72b2a089739c3b65eebcf47f260eae769472c9"},
  "castore": {:hex, :castore, "0.1.19", "a2c3e46d62b7f3aa2e6f88541c21d7400381e53704394462b9fd4f06f6d42bb6", [:mix], [], "hexpm", "e96e0161a5dc82ef441da24d5fa74aefc40d920f3a6645d15e1f9f3e66bb2109"},
  "certifi": {:hex, :certifi, "2.9.0", "6f2a475689dd47f19fb74334859d460a2dc4e3252a3324bd2111b8f0429e7e21", [:rebar3], [], "hexpm", "266da46bdb06d6c6d35fde799bcb28d36d985d424ad7c08b5bb48f5b5cdd4641"},
  "cloak": {:hex, :cloak, "1.1.2", "7e0006c2b0b98d976d4f559080fabefd81f0e0a50a3c4b621f85ceeb563e80bb", [:mix], [{:jason, "~> 1.0", [hex: :jason, repo: "hexpm", optional: true]}], "hexpm", "940d5ac4fcd51b252930fd112e319ea5ae6ab540b722f3ca60a85666759b9585"},
  "cloak_ecto": {:hex, :cloak_ecto, "1.2.0", "e86a3df3bf0dc8980f70406bcb0af2858bac247d55494d40bc58a152590bd402", [:mix], [{:cloak, "~> 1.1.1", [hex: :cloak, repo: "hexpm", optional: false]}, {:ecto, "~> 3.0", [hex: :ecto, repo: "hexpm", optional: false]}], "hexpm", "8bcc677185c813fe64b786618bd6689b1707b35cd95acaae0834557b15a0c62f"},
  "combine": {:hex, :combine, "0.10.0", "eff8224eeb56498a2af13011d142c5e7997a80c8f5b97c499f84c841032e429f", [:mix], [], "hexpm", "1b1dbc1790073076580d0d1d64e42eae2366583e7aecd455d1215b0d16f2451b"},
  "configcat": {:hex, :configcat, "2.0.1", "cffd7e6ba7a4c41e1e6bbb706379192a1be7cd848bb6b098d4ed054b13c18f9d", [:mix], [{:elixir_uuid, "~> 1.2", [hex: :elixir_uuid, repo: "hexpm", optional: false]}, {:httpoison, "~> 1.7", [hex: :httpoison, repo: "hexpm", optional: false]}, {:jason, "~> 1.2", [hex: :jason, repo: "hexpm", optional: false]}], "hexpm", "3e4a239a613d2acbcee7103a6a426c4ae52882ae65bf48cdb5c1247877b65112"},
  "connection": {:hex, :connection, "1.1.0", "ff2a49c4b75b6fb3e674bfc5536451607270aac754ffd1bdfe175abe4a6d7a68", [:mix], [], "hexpm", "722c1eb0a418fbe91ba7bd59a47e28008a189d47e37e0e7bb85585a016b2869c"},
  "contex": {:hex, :contex, "0.3.0", "d390713efee604702600ba801a481bcb8534a9af43e118b29d9d37fe4495fcba", [:mix], [{:nimble_strftime, "~> 0.1.0", [hex: :nimble_strftime, repo: "hexpm", optional: false]}], "hexpm", "3fa7535cc3b265691a4eabc2707fe8622aa60a2565145a14da9aebd613817652"},
  "cors_plug": {:hex, :cors_plug, "2.0.2", "2b46083af45e4bc79632bd951550509395935d3e7973275b2b743bd63cc942ce", [:mix], [{:plug, "~> 1.8", [hex: :plug, repo: "hexpm", optional: false]}], "hexpm", "f0d0e13f71c51fd4ef8b2c7e051388e4dfb267522a83a22392c856de7e46465f"},
  "cowboy": {:hex, :cowboy, "2.8.0", "f3dc62e35797ecd9ac1b50db74611193c29815401e53bac9a5c0577bd7bc667d", [:rebar3], [{:cowlib, "~> 2.9.1", [hex: :cowlib, repo: "hexpm", optional: false]}, {:ranch, "~> 1.7.1", [hex: :ranch, repo: "hexpm", optional: false]}], "hexpm", "4643e4fba74ac96d4d152c75803de6fad0b3fa5df354c71afdd6cbeeb15fac8a"},
  "cowboy_telemetry": {:hex, :cowboy_telemetry, "0.3.1", "ebd1a1d7aff97f27c66654e78ece187abdc646992714164380d8a041eda16754", [:rebar3], [{:cowboy, "~> 2.7", [hex: :cowboy, repo: "hexpm", optional: false]}, {:telemetry, "~> 0.4", [hex: :telemetry, repo: "hexpm", optional: false]}], "hexpm", "3a6efd3366130eab84ca372cbd4a7d3c3a97bdfcfb4911233b035d117063f0af"},
  "cowlib": {:hex, :cowlib, "2.9.1", "61a6c7c50cf07fdd24b2f45b89500bb93b6686579b069a89f88cb211e1125c78", [:rebar3], [], "hexpm", "e4175dc240a70d996156160891e1c62238ede1729e45740bdd38064dad476170"},
  "credo": {:hex, :credo, "1.6.4", "ddd474afb6e8c240313f3a7b0d025cc3213f0d171879429bf8535d7021d9ad78", [:mix], [{:bunt, "~> 0.2.0", [hex: :bunt, repo: "hexpm", optional: false]}, {:file_system, "~> 0.2.8", [hex: :file_system, repo: "hexpm", optional: false]}, {:jason, "~> 1.0", [hex: :jason, repo: "hexpm", optional: false]}], "hexpm", "c28f910b61e1ff829bffa056ef7293a8db50e87f2c57a9b5c3f57eee124536b7"},
  "db_connection": {:hex, :db_connection, "2.4.2", "f92e79aff2375299a16bcb069a14ee8615c3414863a6fef93156aee8e86c2ff3", [:mix], [{:connection, "~> 1.0", [hex: :connection, repo: "hexpm", optional: false]}, {:telemetry, "~> 0.4 or ~> 1.0", [hex: :telemetry, repo: "hexpm", optional: false]}], "hexpm", "4fe53ca91b99f55ea249693a0229356a08f4d1a7931d8ffa79289b145fe83668"},
  "decimal": {:hex, :decimal, "2.0.0", "a78296e617b0f5dd4c6caf57c714431347912ffb1d0842e998e9792b5642d697", [:mix], [], "hexpm", "34666e9c55dea81013e77d9d87370fe6cb6291d1ef32f46a1600230b1d44f577"},
  "decorator": {:hex, :decorator, "1.3.2", "63b8ac9e23b28053390abdda33bb9e1f3dd9e8f9a981f47a06fc2f2fe2e2f772", [:mix], [], "hexpm", "b80bd089e3c8579e6d9ea84eed307b1597a0d94af25331e424a209477ad1a7fc"},
  "deep_merge": {:hex, :deep_merge, "1.0.0", "b4aa1a0d1acac393bdf38b2291af38cb1d4a52806cf7a4906f718e1feb5ee961", [:mix], [], "hexpm", "ce708e5f094b9cd4e8f2be4f00d2f4250c4095be93f8cd6d018c753894885430"},
  "dialyxir": {:hex, :dialyxir, "1.1.0", "c5aab0d6e71e5522e77beff7ba9e08f8e02bad90dfbeffae60eaf0cb47e29488", [:mix], [{:erlex, ">= 0.2.6", [hex: :erlex, repo: "hexpm", optional: false]}], "hexpm", "07ea8e49c45f15264ebe6d5b93799d4dd56a44036cf42d0ad9c960bc266c0b9a"},
  "distillery": {:hex, :distillery, "2.1.1", "f9332afc2eec8a1a2b86f22429e068ef35f84a93ea1718265e740d90dd367814", [:mix], [{:artificery, "~> 0.2", [hex: :artificery, repo: "hexpm", optional: false]}], "hexpm", "bbc7008b0161a6f130d8d903b5b3232351fccc9c31a991f8fcbf2a12ace22995"},
  "earmark": {:hex, :earmark, "1.4.33", "2b33a505180583f98bfa17317f03973b52081bdb24a11be05a7f4fa6d64dd8bf", [:mix], [{:earmark_parser, "~> 1.4.29", [hex: :earmark_parser, repo: "hexpm", optional: false]}], "hexpm", "21b31363d6a0a70802cfbaf2de88355778aa76654298a072bce2e01d1858ae06"},
  "earmark_parser": {:hex, :earmark_parser, "1.4.29", "149d50dcb3a93d9f3d6f3ecf18c918fb5a2d3c001b5d3305c926cddfbd33355b", [:mix], [], "hexpm", "4902af1b3eb139016aed210888748db8070b8125c2342ce3dcae4f38dcc63503"},
  "ecto": {:hex, :ecto, "3.9.1", "67173b1687afeb68ce805ee7420b4261649d5e2deed8fe5550df23bab0bc4396", [:mix], [{:decimal, "~> 1.6 or ~> 2.0", [hex: :decimal, repo: "hexpm", optional: false]}, {:jason, "~> 1.0", [hex: :jason, repo: "hexpm", optional: true]}, {:telemetry, "~> 0.4 or ~> 1.0", [hex: :telemetry, repo: "hexpm", optional: false]}], "hexpm", "c80bb3d736648df790f7f92f81b36c922d9dd3203ca65be4ff01d067f54eb304"},
  "ecto_sql": {:hex, :ecto_sql, "3.9.0", "2bb21210a2a13317e098a420a8c1cc58b0c3421ab8e3acfa96417dab7817918c", [:mix], [{:db_connection, "~> 2.5 or ~> 2.4.1", [hex: :db_connection, repo: "hexpm", optional: false]}, {:ecto, "~> 3.9.0", [hex: :ecto, repo: "hexpm", optional: false]}, {:myxql, "~> 0.6.0", [hex: :myxql, repo: "hexpm", optional: true]}, {:postgrex, "~> 0.16.0 or ~> 1.0", [hex: :postgrex, repo: "hexpm", optional: true]}, {:tds, "~> 2.1.1 or ~> 2.2", [hex: :tds, repo: "hexpm", optional: true]}, {:telemetry, "~> 0.4.0 or ~> 1.0", [hex: :telemetry, repo: "hexpm", optional: false]}], "hexpm", "a8f3f720073b8b1ac4c978be25fa7960ed7fd44997420c304a4a2e200b596453"},
  "elixir_uuid": {:hex, :elixir_uuid, "1.2.1", "dce506597acb7e6b0daeaff52ff6a9043f5919a4c3315abb4143f0b00378c097", [:mix], [], "hexpm", "f7eba2ea6c3555cea09706492716b0d87397b88946e6380898c2889d68585752"},
  "epg_query": {:git, "https://github.com/Logflare/epg_query.git", "f18e30fd04bf50dc49f97fe25e2f2fdab4345c32", []},
  "epgsql": {:hex, :epgsql, "4.7.0", "98361a63e49ae14df57cbda8495058d42abd3a316f822d1f990a40259026fe5e", [:rebar3], [], "hexpm", "90b0145d302ab133d957ea46a884e6e37e847e6e47deaf93104314d2ad8cb5bb"},
  "erlex": {:hex, :erlex, "0.2.6", "c7987d15e899c7a2f34f5420d2a2ea0d659682c06ac607572df55a43753aa12e", [:mix], [], "hexpm", "2ed2e25711feb44d52b17d2780eabf998452f6efda104877a3881c2f8c0c0c75"},
  "erlexec": {:hex, :erlexec, "1.18.11", "46cc6aa4ac94f0ff39611f28400b48fa794bbbdec8722202155374981da25682", [:rebar3], [], "hexpm", "2ba928f1bdf74e098c413465f109c10b5d1e1359568eb7bf4c99f91ac983b8ff"},
  "eternal": {:hex, :eternal, "1.2.2", "d1641c86368de99375b98d183042dd6c2b234262b8d08dfd72b9eeaafc2a1abd", [:mix], [], "hexpm", "2c9fe32b9c3726703ba5e1d43a1d255a4f3f2d8f8f9bc19f094c7cb1a7a9e782"},
  "ets": {:hex, :ets, "0.8.1", "8ff9bcda5682b98493f8878fc9dbd990e48d566cba8cce59f7c2a78130da29ea", [:mix], [], "hexpm", "6be41b50adb5bc5c43626f25ea2d0af1f4a242fb3fad8d53f0c67c20b78915cc"},
  "etso": {:hex, :etso, "1.1.0", "ddbf5417522ecc5f9544a5daeb67fc5f7509a5edb7f65add85a530dc35f80ec5", [:mix], [{:ecto, "~> 3.8.3", [hex: :ecto, repo: "hexpm", optional: false]}], "hexpm", "aa74f6bd76fb444aaa94554c668d637eedd6d71c0a9887ef973437ebe6645368"},
  "ex2ms": {:hex, :ex2ms, "1.6.0", "f39bbd9ff1b0f27b3f707bab2d167066dd8965e7df1149b962d94c74615d0e09", [:mix], [], "hexpm", "0d1ab5e08421af5cd69146efb408dbb1ff77f38a2f4df5f086f2512dc8cf65bf"},
  "ex_doc": {:hex, :ex_doc, "0.23.0", "a069bc9b0bf8efe323ecde8c0d62afc13d308b1fa3d228b65bca5cf8703a529d", [:mix], [{:earmark_parser, "~> 1.4.0", [hex: :earmark_parser, repo: "hexpm", optional: false]}, {:makeup_elixir, "~> 0.14", [hex: :makeup_elixir, repo: "hexpm", optional: false]}], "hexpm", "f5e2c4702468b2fd11b10d39416ddadd2fcdd173ba2a0285ebd92c39827a5a16"},
  "ex_machina": {:hex, :ex_machina, "2.4.0", "09a34c5d371bfb5f78399029194a8ff67aff340ebe8ba19040181af35315eabb", [:mix], [{:ecto, "~> 2.2 or ~> 3.0", [hex: :ecto, repo: "hexpm", optional: true]}, {:ecto_sql, "~> 3.0", [hex: :ecto_sql, repo: "hexpm", optional: true]}], "hexpm", "a20bc9ddc721b33ea913b93666c5d0bdca5cbad7a67540784ae277228832d72c"},
  "ex_oauth2_provider": {:git, "https://github.com/aristamd/ex_oauth2_provider.git", "8df4b62acfe858e918be38202948b6b4db142dc6", []},
  "ex_twilio": {:hex, :ex_twilio, "0.8.2", "86c135827efc6e252a47d3fe95c37368959e840cd012900d11a3ded5a6ca554c", [:mix], [{:httpoison, ">= 0.9.0", [hex: :httpoison, repo: "hexpm", optional: false]}, {:inflex, "~> 2.0", [hex: :inflex, repo: "hexpm", optional: false]}, {:joken, "~> 2.0", [hex: :joken, repo: "hexpm", optional: false]}, {:poison, ">= 3.0.0", [hex: :poison, repo: "hexpm", optional: false]}], "hexpm", "b14759966001eaa94d9d432822e9c245724197e4b53d0e40ef44d3f0052ef7bf"},
  "ex_unicode": {:hex, :ex_unicode, "1.11.0", "fb7dc40fe909e7e79163dbb3736e4d0e29e8ed5f0ff9d82ab1e95d1f287f7235", [:mix], [{:ex_doc, "~> 0.19", [hex: :ex_doc, repo: "hexpm", optional: false]}], "hexpm", "c2c8dd491a5aa18f9d30e5e765649f54d7c8f224496105f4a67ec73c80e1663c"},
  "excoveralls": {:hex, :excoveralls, "0.14.6", "610e921e25b180a8538229ef547957f7e04bd3d3e9a55c7c5b7d24354abbba70", [:mix], [{:hackney, "~> 1.16", [hex: :hackney, repo: "hexpm", optional: false]}, {:jason, "~> 1.0", [hex: :jason, repo: "hexpm", optional: false]}], "hexpm", "0eceddaa9785cfcefbf3cd37812705f9d8ad34a758e513bb975b081dce4eb11e"},
  "file_system": {:hex, :file_system, "0.2.10", "fb082005a9cd1711c05b5248710f8826b02d7d1784e7c3451f9c1231d4fc162d", [:mix], [], "hexpm", "41195edbfb562a593726eda3b3e8b103a309b733ad25f3d642ba49696bf715dc"},
  "finch": {:hex, :finch, "0.11.0", "622d31c224c801444c6003544fa1964a29551895b45c3543f6e4d8b0dab80f71", [:mix], [{:castore, "~> 0.1", [hex: :castore, repo: "hexpm", optional: false]}, {:mint, "~> 1.3", [hex: :mint, repo: "hexpm", optional: false]}, {:nimble_options, "~> 0.4.0", [hex: :nimble_options, repo: "hexpm", optional: false]}, {:nimble_pool, "~> 0.2.6", [hex: :nimble_pool, repo: "hexpm", optional: false]}, {:telemetry, "~> 0.4 or ~> 1.0", [hex: :telemetry, repo: "hexpm", optional: false]}], "hexpm", "047550448148d828ddea1fb76fa3f0d2d0742eca6919e548fdd8357630cae449"},
  "floki": {:hex, :floki, "0.29.0", "b1710d8c93a2f860dc2d7adc390dd808dc2fb8f78ee562304457b75f4c640881", [:mix], [{:html_entities, "~> 0.5.0", [hex: :html_entities, repo: "hexpm", optional: false]}], "hexpm", "008585ce64b9f74c07d32958ec9866f4b8a124bf4da1e2941b28e41384edaaad"},
  "flow": {:hex, :flow, "1.1.0", "b569c1042cb2da97103f6d70a0267a5657dce1402f41b4020bef98bbef9c7c1e", [:mix], [{:gen_stage, "~> 1.0", [hex: :gen_stage, repo: "hexpm", optional: false]}], "hexpm", "066f42f7a1ea6a86cb4ef763310338981a5cfb93bcebce10863a23a4859fd785"},
  "gen_stage": {:hex, :gen_stage, "1.1.2", "b1656cd4ba431ed02c5656fe10cb5423820847113a07218da68eae5d6a260c23", [:mix], [], "hexpm", "9e39af23140f704e2b07a3e29d8f05fd21c2aaf4088ff43cb82be4b9e3148d02"},
  "gettext": {:hex, :gettext, "0.18.2", "7df3ea191bb56c0309c00a783334b288d08a879f53a7014341284635850a6e55", [:mix], [], "hexpm", "f9f537b13d4fdd30f3039d33cb80144c3aa1f8d9698e47d7bcbcc8df93b1f5c5"},
  "global_flags": {:hex, :global_flags, "1.0.0", "ee6b864979a1fb38d1fbc67838565644baf632212bce864adca21042df036433", [:rebar3], [], "hexpm", "85d944cecd0f8f96b20ce70b5b16ebccedfcd25e744376b131e89ce61ba93176"},
  "google_api_big_query": {:hex, :google_api_big_query, "0.52.0", "d3bd53730db4106378644c0c4cb9e0e149860deeb9c130dbde9904b1e948d06d", [:mix], [{:google_gax, "~> 0.4", [hex: :google_gax, repo: "hexpm", optional: false]}], "hexpm", "0b25f8efa6117ea786dc029f90cd838161dc966871bb13d5f06182dbda5eecae"},
  "google_api_cloud_resource_manager": {:hex, :google_api_cloud_resource_manager, "0.34.3", "9e0ffa89b895a77a9fac1fa51f92d06f690b32002224281098be500322988680", [:mix], [{:google_gax, "~> 0.4", [hex: :google_gax, repo: "hexpm", optional: false]}], "hexpm", "de1aee529a9ce424ef93b97bdffc50a1b589fb206ee3866bbd23329eb4df43f2"},
  "google_gax": {:hex, :google_gax, "0.4.0", "83651f8561c02a295826cb96b4bddde030e2369747bbddc592c4569526bafe94", [:mix], [{:poison, ">= 3.0.0 and < 5.0.0", [hex: :poison, repo: "hexpm", optional: false]}, {:tesla, "~> 1.2", [hex: :tesla, repo: "hexpm", optional: false]}], "hexpm", "a95d36f1dd753ab31268dd8bb6de9911243c911cfda9080f64778f6297b9ac57"},
  "goth": {:hex, :goth, "1.3.0-rc.2", "6a8447c16821b73b7798a1860dfbcfe4ab0f9ed9ed2a0e524a856fd22ea665fb", [:mix], [{:hackney, "~> 1.0", [hex: :hackney, repo: "hexpm", optional: true]}, {:jason, "~> 1.1", [hex: :jason, repo: "hexpm", optional: false]}, {:jose, "~> 1.10", [hex: :jose, repo: "hexpm", optional: false]}], "hexpm", "14170ff6734d4cce05e23b1c1366d671695a70a4401a12d6fc7a60da0e6cba7d"},
  "hackney": {:hex, :hackney, "1.18.1", "f48bf88f521f2a229fc7bae88cf4f85adc9cd9bcf23b5dc8eb6a1788c662c4f6", [:rebar3], [{:certifi, "~> 2.9.0", [hex: :certifi, repo: "hexpm", optional: false]}, {:idna, "~> 6.1.0", [hex: :idna, repo: "hexpm", optional: false]}, {:metrics, "~> 1.0.0", [hex: :metrics, repo: "hexpm", optional: false]}, {:mimerl, "~> 1.1", [hex: :mimerl, repo: "hexpm", optional: false]}, {:parse_trans, "3.3.1", [hex: :parse_trans, repo: "hexpm", optional: false]}, {:ssl_verify_fun, "~> 1.1.0", [hex: :ssl_verify_fun, repo: "hexpm", optional: false]}, {:unicode_util_compat, "~> 0.7.0", [hex: :unicode_util_compat, repo: "hexpm", optional: false]}], "hexpm", "a4ecdaff44297e9b5894ae499e9a070ea1888c84afdd1fd9b7b2bc384950128e"},
  "honeydew": {:hex, :honeydew, "1.5.0", "53088c1d87399efa5c0939adc8d32a9713b8fe6ce00a77c6769d2d363abac6bc", [:mix], [{:ecto, "~> 3.0", [hex: :ecto, repo: "hexpm", optional: true]}], "hexpm", "f71669e25f6a972e970ecbd79c34c4ad4b28369be78e4f8164fe8d0c5a674907"},
  "hpax": {:hex, :hpax, "0.1.2", "09a75600d9d8bbd064cdd741f21fc06fc1f4cf3d0fcc335e5aa19be1a7235c84", [:mix], [], "hexpm", "2c87843d5a23f5f16748ebe77969880e29809580efdaccd615cd3bed628a8c13"},
  "html_entities": {:hex, :html_entities, "0.5.1", "1c9715058b42c35a2ab65edc5b36d0ea66dd083767bef6e3edb57870ef556549", [:mix], [], "hexpm", "30efab070904eb897ff05cd52fa61c1025d7f8ef3a9ca250bc4e6513d16c32de"},
  "httpoison": {:hex, :httpoison, "1.8.0", "6b85dea15820b7804ef607ff78406ab449dd78bed923a49c7160e1886e987a3d", [:mix], [{:hackney, "~> 1.17", [hex: :hackney, repo: "hexpm", optional: false]}], "hexpm", "28089eaa98cf90c66265b6b5ad87c59a3729bea2e74e9d08f9b51eb9729b3c3a"},
  "idna": {:hex, :idna, "6.1.1", "8a63070e9f7d0c62eb9d9fcb360a7de382448200fbbd1b106cc96d3d8099df8d", [:rebar3], [{:unicode_util_compat, "~>0.7.0", [hex: :unicode_util_compat, repo: "hexpm", optional: false]}], "hexpm", "92376eb7894412ed19ac475e4a86f7b413c1b9fbb5bd16dccd57934157944cea"},
  "inflex": {:hex, :inflex, "2.1.0", "a365cf0821a9dacb65067abd95008ca1b0bb7dcdd85ae59965deef2aa062924c", [:mix], [], "hexpm", "14c17d05db4ee9b6d319b0bff1bdf22aa389a25398d1952c7a0b5f3d93162dd8"},
  "iteraptor": {:hex, :iteraptor, "1.12.2", "7876e897fc5f277324814fc88c4b2f7dd7d150d8947eab985787d16cb6908325", [:mix], [], "hexpm", "d56e8d68323a4e437e9f467de99a2ea3c76717ea08b01e56b5036ccd44986a63"},
  "jason": {:hex, :jason, "1.4.0", "e855647bc964a44e2f67df589ccf49105ae039d4179db7f6271dfd3843dc27e6", [:mix], [{:decimal, "~> 1.0 or ~> 2.0", [hex: :decimal, repo: "hexpm", optional: true]}], "hexpm", "79a3791085b2a0f743ca04cec0f7be26443738779d09302e01318f97bdb82121"},
  "joken": {:hex, :joken, "2.3.0", "62a979c46f2c81dcb8ddc9150453b60d3757d1ac393c72bb20fc50a7b0827dc6", [:mix], [{:jose, "~> 1.10", [hex: :jose, repo: "hexpm", optional: false]}], "hexpm", "57b263a79c0ec5d536ac02d569c01e6b4de91bd1cb825625fe90eab4feb7bc1e"},
  "jose": {:hex, :jose, "1.11.1", "59da64010c69aad6cde2f5b9248b896b84472e99bd18f246085b7b9fe435dcdb", [:mix, :rebar3], [], "hexpm", "078f6c9fb3cd2f4cfafc972c814261a7d1e8d2b3685c0a76eb87e158efff1ac5"},
  "jumper": {:hex, :jumper, "1.0.1", "3c00542ef1a83532b72269fab9f0f0c82bf23a35e27d278bfd9ed0865cecabff", [:mix], [], "hexpm", "318c59078ac220e966d27af3646026db9b5a5e6703cb2aa3e26bcfaba65b7433"},
  "key_tools": {:hex, :key_tools, "0.4.1", "4bdf5a39190dc465e58f0c44784b7bb5300bafbbfff2b4ada4d7ec3bfde8d470", [:mix], [], "hexpm", "1a5afce636176481acec2db91066e68af5bf3c512327292a14078ca1aad1a57e"},
  "libcluster": {:hex, :libcluster, "3.2.1", "b2cd5b447cde25d5897749bee6f7aaeb6c96ac379481024e9b6ba495dabeb97d", [:mix], [{:jason, "~> 1.1", [hex: :jason, repo: "hexpm", optional: false]}], "hexpm", "89f225612d135edce9def56f43bf18d575d88ac4680e3f6161283f2e55cadca4"},
  "local_cluster": {:hex, :local_cluster, "1.2.1", "8eab3b8a387680f0872eacfb1a8bd5a91cb1d4d61256eec6a655b07ac7030c73", [:mix], [{:global_flags, "~> 1.0", [hex: :global_flags, repo: "hexpm", optional: false]}], "hexpm", "aae80c9bc92c911cb0be085fdeea2a9f5b88f81b6bec2ff1fec244bb0acc232c"},
  "logflare_api_client": {:hex, :logflare_api_client, "0.3.4", "635f06483124b9d981c49ee1dd0925ce8bb5a6aecdc574e648d2e578afb9cc54", [:mix], [{:bertex, "~> 1.3", [hex: :bertex, repo: "hexpm", optional: false]}, {:finch, "~> 0.10", [hex: :finch, repo: "hexpm", optional: false]}, {:jason, ">= 1.0.0", [hex: :jason, repo: "hexpm", optional: false]}, {:tesla, "~> 1.4.0", [hex: :tesla, repo: "hexpm", optional: false]}], "hexpm", "dfa5361a2aee9f5a9372afeab7a2bd708e40be0b8e238dbf0541a6e7bbe5132c"},
  "logflare_logger_backend": {:hex, :logflare_logger_backend, "0.11.1-rc.2", "0c3933d5b74b090fcc4a97bc921542f1a69bc65e07ce39bee983ed8ebf3a2aa4", [:mix], [{:bertex, "~> 1.3", [hex: :bertex, repo: "hexpm", optional: false]}, {:etso, "~> 1.1.0", [hex: :etso, repo: "hexpm", optional: false]}, {:logflare_api_client, "~> 0.3.4", [hex: :logflare_api_client, repo: "hexpm", optional: false]}, {:typed_struct, "~> 0.3.0", [hex: :typed_struct, repo: "hexpm", optional: false]}], "hexpm", "ba9858e605670c3d849fadd55f59efd7d88ea4e99295e6125444bb44405bd786"},
  "lqueue": {:hex, :lqueue, "1.2.0", "9cde07d8595a012e61fce9c5b751cb464aff030b0944f915086994b017e694f4", [:mix], [], "hexpm", "cdb983cfc609dff425ae237b722e101f85c763ef1f2bbe363e1f1385f370285d"},
  "makeup": {:hex, :makeup, "1.0.5", "d5a830bc42c9800ce07dd97fa94669dfb93d3bf5fcf6ea7a0c67b2e0e4a7f26c", [:mix], [{:nimble_parsec, "~> 0.5 or ~> 1.0", [hex: :nimble_parsec, repo: "hexpm", optional: false]}], "hexpm", "cfa158c02d3f5c0c665d0af11512fed3fba0144cf1aadee0f2ce17747fba2ca9"},
  "makeup_elixir": {:hex, :makeup_elixir, "0.15.0", "98312c9f0d3730fde4049985a1105da5155bfe5c11e47bdc7406d88e01e4219b", [:mix], [{:makeup, "~> 1.0", [hex: :makeup, repo: "hexpm", optional: false]}, {:nimble_parsec, "~> 1.1", [hex: :nimble_parsec, repo: "hexpm", optional: false]}], "hexpm", "75ffa34ab1056b7e24844c90bfc62aaf6f3a37a15faa76b07bc5eba27e4a8b4a"},
  "map_keys": {:hex, :map_keys, "0.1.0", "6941966acd7460542318630e81744a26f0d9fd944dac9d1afcb5339d374dc2ca", [:mix], [{:atomic_map, "~> 0.9.2", [hex: :atomic_map, repo: "hexpm", optional: false]}, {:key_tools, "~> 0.4.0", [hex: :key_tools, repo: "hexpm", optional: false]}, {:proper_case, "~> 1.0", [hex: :proper_case, repo: "hexpm", optional: false]}], "hexpm", "edcdfa2cc828324fbbed94e42564c5978af63bf0bb551e58b5dd473e00d34e37"},
  "metrics": {:hex, :metrics, "1.0.1", "25f094dea2cda98213cecc3aeff09e940299d950904393b2a29d191c346a8486", [:rebar3], [], "hexpm", "69b09adddc4f74a40716ae54d140f93beb0fb8978d8636eaded0c31b6f099f16"},
  "mime": {:hex, :mime, "1.6.0", "dabde576a497cef4bbdd60aceee8160e02a6c89250d6c0b29e56c0dfb00db3d2", [:mix], [], "hexpm", "31a1a8613f8321143dde1dafc36006a17d28d02bdfecb9e95a880fa7aabd19a7"},
  "mimerl": {:hex, :mimerl, "1.2.0", "67e2d3f571088d5cfd3e550c383094b47159f3eee8ffa08e64106cdf5e981be3", [:rebar3], [], "hexpm", "f278585650aa581986264638ebf698f8bb19df297f66ad91b18910dfc6e19323"},
  "mimic": {:hex, :mimic, "1.3.1", "ba1c90b851de9065db81b1e3a16f659e53dffb89d2f4d404db06f67d0b990deb", [:mix], [], "hexpm", "51b74ab8009e0673bf68beba6abfce0e5500c8bec3ad27033c4a8dacbc44d55e"},
  "mint": {:hex, :mint, "1.4.2", "50330223429a6e1260b2ca5415f69b0ab086141bc76dc2fbf34d7c389a6675b2", [:mix], [{:castore, "~> 0.1.0", [hex: :castore, repo: "hexpm", optional: true]}, {:hpax, "~> 0.1.1", [hex: :hpax, repo: "hexpm", optional: false]}], "hexpm", "ce75a5bbcc59b4d7d8d70f8b2fc284b1751ffb35c7b6a6302b5192f8ab4ddd80"},
  "mix_test_watch": {:hex, :mix_test_watch, "1.0.2", "34900184cbbbc6b6ed616ed3a8ea9b791f9fd2088419352a6d3200525637f785", [:mix], [{:file_system, "~> 0.2.1 or ~> 0.3", [hex: :file_system, repo: "hexpm", optional: false]}], "hexpm", "47ac558d8b06f684773972c6d04fcc15590abdb97aeb7666da19fcbfdc441a07"},
  "money": {:hex, :money, "1.8.0", "e532023fbeccb5ca7d503e2d86434669428810a46bd2e3966ba5b063be4e0358", [:mix], [{:decimal, "~> 1.0 or ~> 2.0", [hex: :decimal, repo: "hexpm", optional: true]}, {:ecto, "~> 1.0 or ~> 2.0 or ~> 2.1 or ~> 3.0", [hex: :ecto, repo: "hexpm", optional: true]}, {:phoenix_html, "~> 2.0", [hex: :phoenix_html, repo: "hexpm", optional: true]}], "hexpm", "b21aa903d3f91fed7e6dc921438ca1920c49af2e83df3025b4f3fb6981b483f6"},
  "nimble_options": {:hex, :nimble_options, "0.4.0", "c89babbab52221a24b8d1ff9e7d838be70f0d871be823165c94dd3418eea728f", [:mix], [], "hexpm", "e6701c1af326a11eea9634a3b1c62b475339ace9456c1a23ec3bc9a847bca02d"},
  "nimble_parsec": {:hex, :nimble_parsec, "1.1.0", "3a6fca1550363552e54c216debb6a9e95bd8d32348938e13de5eda962c0d7f89", [:mix], [], "hexpm", "08eb32d66b706e913ff748f11694b17981c0b04a33ef470e33e11b3d3ac8f54b"},
  "nimble_pool": {:hex, :nimble_pool, "0.2.6", "91f2f4c357da4c4a0a548286c84a3a28004f68f05609b4534526871a22053cde", [:mix], [], "hexpm", "1c715055095d3f2705c4e236c18b618420a35490da94149ff8b580a2144f653f"},
  "nimble_strftime": {:hex, :nimble_strftime, "0.1.1", "b988184d1bd945bc139b2c27dd00a6c0774ec94f6b0b580083abd62d5d07818b", [:mix], [], "hexpm", "89e599c9b8b4d1203b7bb5c79eb51ef7c6a28fbc6228230b312f8b796310d755"},
  "number": {:hex, :number, "1.0.3", "932c8a2d478a181c624138958ca88a78070332191b8061717270d939778c9857", [:mix], [{:decimal, "~> 1.5 or ~> 2.0", [hex: :decimal, repo: "hexpm", optional: false]}], "hexpm", "dd397bbc096b2ca965a6a430126cc9cf7b9ef7421130def69bcf572232ca0f18"},
  "oauth2": {:hex, :oauth2, "2.0.0", "338382079fe16c514420fa218b0903f8ad2d4bfc0ad0c9f988867dfa246731b0", [:mix], [{:hackney, "~> 1.13", [hex: :hackney, repo: "hexpm", optional: false]}], "hexpm", "881b8364ac7385f9fddc7949379cbe3f7081da37233a1aa7aab844670a91e7e7"},
  "observer_cli": {:hex, :observer_cli, "1.6.0", "f7ffe1c9d43b7bb0ecdbf158d0dd211d44aa505d5510be580d1f25dca5627a08", [:mix, :rebar3], [{:recon, "~>2.5.1", [hex: :recon, repo: "hexpm", optional: false]}], "hexpm", "7e34e3bb8412393ff9f7f6258f45ce63247bcbace78ee149d69859760dd80e5c"},
  "open_api_spex": {:hex, :open_api_spex, "3.16.1", "8137c338129d63060b4b04947c6c57429f86267045c479c703a38a6d3f98dee1", [:mix], [{:jason, "~> 1.0", [hex: :jason, repo: "hexpm", optional: true]}, {:plug, "~> 1.7", [hex: :plug, repo: "hexpm", optional: false]}, {:poison, "~> 3.0 or ~> 4.0 or ~> 5.0", [hex: :poison, repo: "hexpm", optional: true]}, {:ymlr, "~> 2.0 or ~> 3.0", [hex: :ymlr, repo: "hexpm", optional: true]}], "hexpm", "ef6fd778ac121af866b48b75ad4ad256b6ff33949113ea4aa1629af8bfdfdbfb"},
  "parse_trans": {:hex, :parse_trans, "3.3.1", "16328ab840cc09919bd10dab29e431da3af9e9e7e7e6f0089dd5a2d2820011d8", [:rebar3], [], "hexpm", "07cd9577885f56362d414e8c4c4e6bdf10d43a8767abb92d24cbe8b24c54888b"},
  "pgoutput_decoder": {:hex, :pgoutput_decoder, "0.1.0", "d4ffae6e58a563f2e6de8a0495d9f9afbe2f4ac75d6805419cd4a0d05f414c00", [:mix], [], "hexpm", "4dbecbe4eb8de728178fd129ccba810bccafa9a8769c6714c8b7b22963081c27"},
  "phoenix": {:hex, :phoenix, "1.5.7", "2923bb3af924f184459fe4fa4b100bd25fa6468e69b2803dfae82698269aa5e0", [:mix], [{:jason, "~> 1.0", [hex: :jason, repo: "hexpm", optional: true]}, {:phoenix_html, "~> 2.13", [hex: :phoenix_html, repo: "hexpm", optional: true]}, {:phoenix_pubsub, "~> 2.0", [hex: :phoenix_pubsub, repo: "hexpm", optional: false]}, {:plug, "~> 1.10", [hex: :plug, repo: "hexpm", optional: false]}, {:plug_cowboy, "~> 1.0 or ~> 2.2", [hex: :plug_cowboy, repo: "hexpm", optional: true]}, {:plug_crypto, "~> 1.1.2 or ~> 1.2", [hex: :plug_crypto, repo: "hexpm", optional: false]}, {:telemetry, "~> 0.4", [hex: :telemetry, repo: "hexpm", optional: false]}], "hexpm", "774cd64417c5a3788414fdbb2be2eb9bcd0c048d9e6ad11a0c1fd67b7c0d0978"},
  "phoenix_ecto": {:hex, :phoenix_ecto, "4.4.0", "0672ed4e4808b3fbed494dded89958e22fb882de47a97634c0b13e7b0b5f7720", [:mix], [{:ecto, "~> 3.3", [hex: :ecto, repo: "hexpm", optional: false]}, {:phoenix_html, "~> 2.14.2 or ~> 3.0", [hex: :phoenix_html, repo: "hexpm", optional: true]}, {:plug, "~> 1.9", [hex: :plug, repo: "hexpm", optional: false]}], "hexpm", "09864e558ed31ee00bd48fcc1d4fc58ae9678c9e81649075431e69dbabb43cc1"},
  "phoenix_html": {:hex, :phoenix_html, "2.14.3", "51f720d0d543e4e157ff06b65de38e13303d5778a7919bcc696599e5934271b8", [:mix], [{:plug, "~> 1.5", [hex: :plug, repo: "hexpm", optional: false]}], "hexpm", "efd697a7fff35a13eeeb6b43db884705cba353a1a41d127d118fda5f90c8e80f"},
  "phoenix_live_dashboard": {:hex, :phoenix_live_dashboard, "0.3.6", "6d031e9e5fa8c671e582539e8acd549c4d6e0e90aa704f6644a4a1f5fb334608", [:mix], [{:ecto_psql_extras, "~> 0.4.1 or ~> 0.5", [hex: :ecto_psql_extras, repo: "hexpm", optional: true]}, {:phoenix_html, "~> 2.14.1 or ~> 2.15", [hex: :phoenix_html, repo: "hexpm", optional: false]}, {:phoenix_live_view, "~> 0.14.3", [hex: :phoenix_live_view, repo: "hexpm", optional: false]}, {:telemetry_metrics, "~> 0.4.0 or ~> 0.5.0 or ~> 0.6.0", [hex: :telemetry_metrics, repo: "hexpm", optional: false]}], "hexpm", "55c891eb9cb344d6685c21f452806f54be6a660bbc090c94f65f287e8b4de002"},
  "phoenix_live_react": {:hex, :phoenix_live_react, "0.4.0", "d270d8e5c66f5a3eabb1bd793ee91899837f14a5943c23191b0de9211f3aa605", [:mix], [{:jason, "~> 1.1", [hex: :jason, repo: "hexpm", optional: false]}, {:phoenix_html, "~> 2.11", [hex: :phoenix_html, repo: "hexpm", optional: false]}], "hexpm", "252da852ab9024a38fd73b7b728826cdc4149bedafa69c8ad98e87d399fd5de4"},
  "phoenix_live_reload": {:hex, :phoenix_live_reload, "1.3.0", "f35f61c3f959c9a01b36defaa1f0624edd55b87e236b606664a556d6f72fd2e7", [:mix], [{:file_system, "~> 0.2.1 or ~> 0.3", [hex: :file_system, repo: "hexpm", optional: false]}, {:phoenix, "~> 1.4", [hex: :phoenix, repo: "hexpm", optional: false]}], "hexpm", "02c1007ae393f2b76ec61c1a869b1e617179877984678babde131d716f95b582"},
  "phoenix_live_view": {:hex, :phoenix_live_view, "0.15.3", "70c7917e5c421e32d1a1c8ddf8123378bb741748cd8091eb9d557fb4be92a94f", [:mix], [{:jason, "~> 1.0", [hex: :jason, repo: "hexpm", optional: true]}, {:phoenix, "~> 1.5.7", [hex: :phoenix, repo: "hexpm", optional: false]}, {:phoenix_html, "~> 2.14", [hex: :phoenix_html, repo: "hexpm", optional: false]}, {:telemetry, "~> 0.4.2 or ~> 0.5", [hex: :telemetry, repo: "hexpm", optional: false]}], "hexpm", "cabcfb6738419a08600009219a5f0d861de97507fc1232121e1d5221aba849bd"},
  "phoenix_oauth2_provider": {:hex, :phoenix_oauth2_provider, "0.5.1", "6c9bf283ad50ce46714f27b4c7bc588f907b2d97be685638395c6e7af2fdc29c", [:mix], [{:ex_oauth2_provider, "~> 0.5.1", [hex: :ex_oauth2_provider, repo: "hexpm", optional: false]}, {:phoenix, "~> 1.4", [hex: :phoenix, repo: "hexpm", optional: false]}, {:phoenix_html, "~> 2.0", [hex: :phoenix_html, repo: "hexpm", optional: false]}], "hexpm", "745d894c91929157103ae415a0863a39ad32b05fecf4998a7fbec7d720c8bde9"},
  "phoenix_pubsub": {:hex, :phoenix_pubsub, "2.0.0", "a1ae76717bb168cdeb10ec9d92d1480fec99e3080f011402c0a2d68d47395ffb", [:mix], [], "hexpm", "c52d948c4f261577b9c6fa804be91884b381a7f8f18450c5045975435350f771"},
  "plug": {:hex, :plug, "1.13.6", "187beb6b67c6cec50503e940f0434ea4692b19384d47e5fdfd701e93cadb4cc2", [:mix], [{:mime, "~> 1.0 or ~> 2.0", [hex: :mime, repo: "hexpm", optional: false]}, {:plug_crypto, "~> 1.1.1 or ~> 1.2", [hex: :plug_crypto, repo: "hexpm", optional: false]}, {:telemetry, "~> 0.4.3 or ~> 1.0", [hex: :telemetry, repo: "hexpm", optional: false]}], "hexpm", "02b9c6b9955bce92c829f31d6284bf53c591ca63c4fb9ff81dfd0418667a34ff"},
  "plug_cowboy": {:hex, :plug_cowboy, "2.4.1", "779ba386c0915027f22e14a48919a9545714f849505fa15af2631a0d298abf0f", [:mix], [{:cowboy, "~> 2.7", [hex: :cowboy, repo: "hexpm", optional: false]}, {:cowboy_telemetry, "~> 0.3", [hex: :cowboy_telemetry, repo: "hexpm", optional: false]}, {:plug, "~> 1.7", [hex: :plug, repo: "hexpm", optional: false]}, {:telemetry, "~> 0.4", [hex: :telemetry, repo: "hexpm", optional: false]}], "hexpm", "d72113b6dff7b37a7d9b2a5b68892808e3a9a752f2bf7e503240945385b70507"},
  "plug_crypto": {:hex, :plug_crypto, "1.2.3", "8f77d13aeb32bfd9e654cb68f0af517b371fb34c56c9f2b58fe3df1235c1251a", [:mix], [], "hexpm", "b5672099c6ad5c202c45f5a403f21a3411247f164e4a8fab056e5cd8a290f4a2"},
  "poison": {:hex, :poison, "5.0.0", "d2b54589ab4157bbb82ec2050757779bfed724463a544b6e20d79855a9e43b24", [:mix], [{:decimal, "~> 2.0", [hex: :decimal, repo: "hexpm", optional: true]}], "hexpm", "11dc6117c501b80c62a7594f941d043982a1bd05a1184280c0d9166eb4d8d3fc"},
  "postgrex": {:hex, :postgrex, "0.16.5", "fcc4035cc90e23933c5d69a9cd686e329469446ef7abba2cf70f08e2c4b69810", [:mix], [{:connection, "~> 1.1", [hex: :connection, repo: "hexpm", optional: false]}, {:db_connection, "~> 2.1", [hex: :db_connection, repo: "hexpm", optional: false]}, {:decimal, "~> 1.5 or ~> 2.0", [hex: :decimal, repo: "hexpm", optional: false]}, {:jason, "~> 1.0", [hex: :jason, repo: "hexpm", optional: true]}, {:table, "~> 0.1.0", [hex: :table, repo: "hexpm", optional: true]}], "hexpm", "edead639dc6e882618c01d8fc891214c481ab9a3788dfe38dd5e37fd1d5fb2e8"},
  "proper_case": {:hex, :proper_case, "1.3.1", "5f51cabd2d422a45f374c6061b7379191d585b5154456b371432d0fa7cb1ffda", [:mix], [], "hexpm", "6cc715550cc1895e61608060bbe67aef0d7c9cf55d7ddb013c6d7073036811dd"},
  "ranch": {:hex, :ranch, "1.7.1", "6b1fab51b49196860b733a49c07604465a47bdb78aa10c1c16a3d199f7f8c881", [:rebar3], [], "hexpm", "451d8527787df716d99dc36162fca05934915db0b6141bbdac2ea8d3c7afc7d7"},
  "recase": {:hex, :recase, "0.7.0", "3f2f719f0886c7a3b7fe469058ec539cb7bbe0023604ae3bce920e186305e5ae", [:mix], [], "hexpm", "36f5756a9f552f4a94b54a695870e32f4e72d5fad9c25e61bc4a3151c08a4e0c"},
  "recon": {:hex, :recon, "2.5.1", "430ffa60685ac1efdfb1fe4c97b8767c92d0d92e6e7c3e8621559ba77598678a", [:mix, :rebar3], [], "hexpm", "5721c6b6d50122d8f68cccac712caa1231f97894bab779eff5ff0f886cb44648"},
  "rustler": {:hex, :rustler, "0.25.0", "32526b51af7e58a740f61941bf923486ce6415a91c3934cc16c281aa201a2240", [:mix], [{:jason, "~> 1.0", [hex: :jason, repo: "hexpm", optional: false]}, {:toml, "~> 0.6", [hex: :toml, repo: "hexpm", optional: false]}], "hexpm", "6b43a11a37fe79c6234d88c4102ab5dfede7a6a764dc5c7b539956cfa02f3cf4"},
  "scrivener": {:hex, :scrivener, "2.7.0", "fa94cdea21fad0649921d8066b1833d18d296217bfdf4a5389a2f45ee857b773", [:mix], [], "hexpm", "30da36a427f2519cf75993271fb7c5aad1759682a70f90d880a85c3d743d2c57"},
  "scrivener_ecto": {:hex, :scrivener_ecto, "2.7.0", "cf64b8cb8a96cd131cdbcecf64e7fd395e21aaa1cb0236c42a7c2e34b0dca580", [:mix], [{:ecto, "~> 3.3", [hex: :ecto, repo: "hexpm", optional: false]}, {:scrivener, "~> 2.4", [hex: :scrivener, repo: "hexpm", optional: false]}], "hexpm", "e809f171687806b0031129034352f5ae44849720c48dd839200adeaf0ac3e260"},
  "scrivener_html": {:hex, :scrivener_html, "1.8.1", "d2d287cac72bd5405f1d1afe897fffd0f6ff2f2c8874384dda3bea74397e78d6", [:mix], [{:phoenix, "~> 1.0 and < 1.5.0", [hex: :phoenix, repo: "hexpm", optional: true]}, {:phoenix_html, "~> 2.2", [hex: :phoenix_html, repo: "hexpm", optional: false]}, {:plug, "~> 1.1", [hex: :plug, repo: "hexpm", optional: false]}, {:scrivener, "~> 1.2 or ~> 2.0", [hex: :scrivener, repo: "hexpm", optional: false]}], "hexpm", "04f1bdc463f770a046db0377891f4ee85022259bdb4a9142c64848f8714a3f38"},
  "scrivener_list": {:hex, :scrivener_list, "2.0.1", "2b3b5c6aaf21d13b76071e755af498b641f37a069e34e68585ba4c624095d719", [:mix], [{:scrivener_ecto, "~> 1.0 or ~> 2.0", [hex: :scrivener_ecto, repo: "hexpm", optional: false]}], "hexpm", "dc82a317268e24b29891b2de659cd82d15654f49ceee86846de2c96b3c4f4e5d"},
  "sleeplocks": {:hex, :sleeplocks, "1.1.1", "3d462a0639a6ef36cc75d6038b7393ae537ab394641beb59830a1b8271faeed3", [:rebar3], [], "hexpm", "84ee37aeff4d0d92b290fff986d6a95ac5eedf9b383fadfd1d88e9b84a1c02e1"},
  "sobelow": {:hex, :sobelow, "0.11.1", "23438964486f8112b41e743bbfd402da3e5b296fdc9eacab29914b79c48916dd", [:mix], [{:jason, "~> 1.0", [hex: :jason, repo: "hexpm", optional: false]}], "hexpm", "9897363a7eff96f4809304a90aad819e2ad5e5d24db547af502885146746a53c"},
  "ssl_verify_fun": {:hex, :ssl_verify_fun, "1.1.6", "cf344f5692c82d2cd7554f5ec8fd961548d4fd09e7d22f5b62482e5aeaebd4b0", [:make, :mix, :rebar3], [], "hexpm", "bdb0d2471f453c88ff3908e7686f86f9be327d065cc1ec16fa4540197ea04680"},
  "statistex": {:hex, :statistex, "1.0.0", "f3dc93f3c0c6c92e5f291704cf62b99b553253d7969e9a5fa713e5481cd858a5", [:mix], [], "hexpm", "ff9d8bee7035028ab4742ff52fc80a2aa35cece833cf5319009b52f1b5a86c27"},
  "stripity_stripe": {:hex, :stripity_stripe, "2.9.0", "241f49bb653a2bf1b94744264c885d4e29331fbffa3334db35500cac3af05ca9", [:mix], [{:hackney, "~> 1.15", [hex: :hackney, repo: "hexpm", optional: false]}, {:jason, "~> 1.1", [hex: :jason, repo: "hexpm", optional: false]}, {:uri_query, "~> 0.1.2", [hex: :uri_query, repo: "hexpm", optional: false]}], "hexpm", "22702f51b949a4897922a5b622fdb4651c081d8ca82e209359a693e34a50cb50"},
  "swoosh": {:hex, :swoosh, "0.25.6", "5a7db75f0c206c65d31c9da056234fe98e29835668b04b7a2bf7839e626da88f", [:mix], [{:cowboy, "~> 1.0.1 or ~> 1.1 or ~> 2.4", [hex: :cowboy, repo: "hexpm", optional: true]}, {:gen_smtp, "~> 0.13", [hex: :gen_smtp, repo: "hexpm", optional: true]}, {:hackney, "~> 1.9", [hex: :hackney, repo: "hexpm", optional: true]}, {:jason, "~> 1.0", [hex: :jason, repo: "hexpm", optional: false]}, {:mail, "~> 0.2", [hex: :mail, repo: "hexpm", optional: true]}, {:mime, "~> 1.1", [hex: :mime, repo: "hexpm", optional: false]}, {:plug_cowboy, ">= 1.0.0", [hex: :plug_cowboy, repo: "hexpm", optional: true]}], "hexpm", "5d97f8f183e50d812b37d4d27db3e393996a335004dee6477c0aff5195d5f52b"},
  "telemetry": {:hex, :telemetry, "0.4.3", "a06428a514bdbc63293cd9a6263aad00ddeb66f608163bdec7c8995784080818", [:rebar3], [], "hexpm", "eb72b8365ffda5bed68a620d1da88525e326cb82a75ee61354fc24b844768041"},
  "telemetry_metrics": {:hex, :telemetry_metrics, "0.6.0", "da9d49ee7e6bb1c259d36ce6539cd45ae14d81247a2b0c90edf55e2b50507f7b", [:mix], [{:telemetry, "~> 0.4", [hex: :telemetry, repo: "hexpm", optional: false]}], "hexpm", "5cfe67ad464b243835512aa44321cee91faed6ea868d7fb761d7016e02915c3d"},
  "telemetry_poller": {:hex, :telemetry_poller, "0.5.0", "4770888ef85599ead39c7f51d6b4b62306e602d96c69b2625d54dea3d9a5204b", [:rebar3], [{:telemetry, "~> 0.4", [hex: :telemetry, repo: "hexpm", optional: false]}], "hexpm", "69e4e8e65b0ae077c9e14cd5f42c7cc486de0e07ac6e3409e6f0e52699a7872c"},
  "tesla": {:hex, :tesla, "1.4.4", "bb89aa0c9745190930366f6a2ac612cdf2d0e4d7fff449861baa7875afd797b2", [:mix], [{:castore, "~> 0.1", [hex: :castore, repo: "hexpm", optional: true]}, {:exjsx, ">= 3.0.0", [hex: :exjsx, repo: "hexpm", optional: true]}, {:finch, "~> 0.3", [hex: :finch, repo: "hexpm", optional: true]}, {:fuse, "~> 2.4", [hex: :fuse, repo: "hexpm", optional: true]}, {:gun, "~> 1.3", [hex: :gun, repo: "hexpm", optional: true]}, {:hackney, "~> 1.6", [hex: :hackney, repo: "hexpm", optional: true]}, {:ibrowse, "4.4.0", [hex: :ibrowse, repo: "hexpm", optional: true]}, {:jason, ">= 1.0.0", [hex: :jason, repo: "hexpm", optional: true]}, {:mime, "~> 1.0 or ~> 2.0", [hex: :mime, repo: "hexpm", optional: false]}, {:mint, "~> 1.0", [hex: :mint, repo: "hexpm", optional: true]}, {:poison, ">= 1.0.0", [hex: :poison, repo: "hexpm", optional: true]}, {:telemetry, "~> 0.4 or ~> 1.0", [hex: :telemetry, repo: "hexpm", optional: true]}], "hexpm", "d5503a49f9dec1b287567ea8712d085947e247cb11b06bc54adb05bfde466457"},
  "timber_logfmt": {:git, "https://github.com/Logflare/logfmt-elixir.git", "9766367ccb3014b47b0a621a489261011dcea769", []},
  "timex": {:hex, :timex, "3.6.2", "845cdeb6119e2fef10751c0b247b6c59d86d78554c83f78db612e3290f819bc2", [:mix], [{:combine, "~> 0.10", [hex: :combine, repo: "hexpm", optional: false]}, {:gettext, "~> 0.10", [hex: :gettext, repo: "hexpm", optional: false]}, {:tzdata, "~> 0.1.8 or ~> 0.5 or ~> 1.0.0", [hex: :tzdata, repo: "hexpm", optional: false]}], "hexpm", "26030b46199d02a590be61c2394b37ea25a3664c02fafbeca0b24c972025d47a"},
  "toml": {:hex, :toml, "0.7.0", "fbcd773caa937d0c7a02c301a1feea25612720ac3fa1ccb8bfd9d30d822911de", [:mix], [], "hexpm", "0690246a2478c1defd100b0c9b89b4ea280a22be9a7b313a8a058a2408a2fa70"},
  "typed_ecto_schema": {:hex, :typed_ecto_schema, "0.1.1", "220b56d96c3899e6f313b37793bafec09c44a5dd4cd17b4dbd5703ecb75137cc", [:mix], [{:ecto, "~> 3.0", [hex: :ecto, repo: "hexpm", optional: false]}], "hexpm", "44152174ecfc1b08b2c39eb8a7781dd77d56ea326ffa61782339fa0082fa6a51"},
  "typed_struct": {:hex, :typed_struct, "0.3.0", "939789e3c1dca39d7170c87f729127469d1315dcf99fee8e152bb774b17e7ff7", [:mix], [], "hexpm", "c50bd5c3a61fe4e198a8504f939be3d3c85903b382bde4865579bc23111d1b6d"},
  "tzdata": {:hex, :tzdata, "1.0.5", "69f1ee029a49afa04ad77801febaf69385f3d3e3d1e4b56b9469025677b89a28", [:mix], [{:hackney, "~> 1.0", [hex: :hackney, repo: "hexpm", optional: false]}], "hexpm", "55519aa2a99e5d2095c1e61cc74c9be69688f8ab75c27da724eb8279ff402a5a"},
  "ueberauth": {:hex, :ueberauth, "0.6.3", "d42ace28b870e8072cf30e32e385579c57b9cc96ec74fa1f30f30da9c14f3cc0", [:mix], [{:plug, "~> 1.5", [hex: :plug, repo: "hexpm", optional: false]}], "hexpm", "afc293d8a1140d6591b53e3eaf415ca92842cb1d32fad3c450c6f045f7f91b60"},
  "ueberauth_github": {:git, "https://github.com/Logflare/ueberauth_github.git", "ea92d5e4341d8bee88c776e710680e1b5405d6f0", []},
  "ueberauth_google": {:hex, :ueberauth_google, "0.10.0", "ae00e7228207be977d5cdd0a562e39961851cea74f513aab6446cb51468f283c", [:mix], [{:oauth2, "~> 1.0 or ~> 2.0", [hex: :oauth2, repo: "hexpm", optional: false]}, {:ueberauth, "~> 0.6.3", [hex: :ueberauth, repo: "hexpm", optional: false]}], "hexpm", "148e2575fd24a29b8bcaa44f9d3d1a38550a74ceed645f5059d4516b93992650"},
  "ueberauth_slack_v2": {:hex, :ueberauth_slack_v2, "1.0.0", "3abbce1205b701b38c320572f3cb854b7371d202ad056d62eb1cc34e2f552544", [:mix], [{:jason, "~> 1.0", [hex: :jason, repo: "hexpm", optional: false]}, {:oauth2, "~> 1.0 or ~> 2.0", [hex: :oauth2, repo: "hexpm", optional: false]}, {:ueberauth, "~> 0.6", [hex: :ueberauth, repo: "hexpm", optional: false]}], "hexpm", "68011cd82b1ee9dc311bf8519d11ee19d8be08e11ef588e40b07a153b0e0745f"},
  "unicode_util_compat": {:hex, :unicode_util_compat, "0.7.0", "bc84380c9ab48177092f43ac89e4dfa2c6d62b40b8bd132b1059ecc7232f9a78", [:rebar3], [], "hexpm", "25eee6d67df61960cf6a794239566599b09e17e668d3700247bc498638152521"},
  "unsafe": {:hex, :unsafe, "1.0.1", "a27e1874f72ee49312e0a9ec2e0b27924214a05e3ddac90e91727bc76f8613d8", [:mix], [], "hexpm", "6c7729a2d214806450d29766abc2afaa7a2cbecf415be64f36a6691afebb50e5"},
  "uri_query": {:hex, :uri_query, "0.1.2", "ae35b83b472f3568c2c159eee3f3ccf585375d8a94fb5382db1ea3589e75c3b4", [:mix], [], "hexpm", "e3bc81816c98502c36498b9b2f239b89c71ce5eadfff7ceb2d6c0a2e6ae2ea0c"},
  "warpath": {:hex, :warpath, "0.5.0", "906ca2efe1bbd07f2dafc2159897e2cb3068e567210c81c2d9858addc172df50", [:mix], [{:jason, "~> 1.2", [hex: :jason, repo: "hexpm", optional: false]}], "hexpm", "a9b4f518bfce91818fd52bc8e7656259844167436f14c0c1a01a6ca7e061f671"},
}
